
Microsoft Visual Studio Solution File, Format Version 12.00
# Visual Studio Version 17
VisualStudioVersion = 17.5.33502.453
MinimumVisualStudioVersion = 10.0.40219.1
Project("{FAE04EC0-301F-11D3-BF4B-00C04F79EFBC}") = "Mission14", "Mission14.csproj", "{84B70EF6-5232-4D5F-BB2B-E6851074126A}"
EndProject
Global
	GlobalSection(SolutionConfigurationPlatforms) = preSolution
		Debug|Any CPU = Debug|Any CPU
		Release|Any CPU = Release|Any CPU
	EndGlobalSection
	GlobalSection(ProjectConfigurationPlatforms) = postSolution
		{84B70EF6-5232-4D5F-BB2B-E6851074126A}.Debug|Any CPU.ActiveCfg = Debug|Any CPU
		{84B70EF6-5232-4D5F-BB2B-E6851074126A}.Debug|Any CPU.Build.0 = Debug|Any CPU
		{84B70EF6-5232-4D5F-BB2B-E6851074126A}.Release|Any CPU.ActiveCfg = Release|Any CPU
		{84B70EF6-5232-4D5F-BB2B-E6851074126A}.Release|Any CPU.Build.0 = Release|Any CPU
	EndGlobalSection
	GlobalSection(SolutionProperties) = preSolution
		HideSolutionNode = FALSE
	EndGlobalSection
	GlobalSection(ExtensibilityGlobals) = postSolution
		SolutionGuid = {BD0CE2F9-D9DC-4502-8A36-6BA71DAA5799}
	EndGlobalSection
EndGlobal
